
Microsoft Visual Studio Solution File, Format Version 12.00
# Visual Studio Version 16
VisualStudioVersion = 16.0.31424.327
MinimumVisualStudioVersion = 10.0.40219.1
Project("{FAE04EC0-301F-11D3-BF4B-00C04F79EFBC}") = "TimeDisplay.UWP", "TimeDisplay\TimeDisplay.UWP\TimeDisplay.UWP.csproj", "{E3AFF5A6-53DC-42D3-9B27-B762C6375B06}"
EndProject
Project("{FAE04EC0-301F-11D3-BF4B-00C04F79EFBC}") = "TimeDisplay.Android", "TimeDisplay\TimeDisplay.Android\TimeDisplay.Android.csproj", "{46FA3779-D1B4-4CB8-8EAE-EB31F178A37B}"
EndProject
Project("{FAE04EC0-301F-11D3-BF4B-00C04F79EFBC}") = "TimeDisplay.iOS", "TimeDisplay\TimeDisplay.iOS\TimeDisplay.iOS.csproj", "{C1EA59AF-D3B8-43C7-880C-53FDBB559B32}"
EndProject
Project("{FAE04EC0-301F-11D3-BF4B-00C04F79EFBC}") = "TimeDisplay", "TimeDisplay\TimeDisplay\TimeDisplay.csproj", "{50217B33-9AAD-49F0-BFC7-0C405990C321}"
EndProject
Global
	GlobalSection(SolutionConfigurationPlatforms) = preSolution
		Debug|Any CPU = Debug|Any CPU
		Debug|ARM = Debug|ARM
		Debug|iPhone = Debug|iPhone
		Debug|iPhoneSimulator = Debug|iPhoneSimulator
		Debug|x64 = Debug|x64
		Debug|x86 = Debug|x86
		Release|Any CPU = Release|Any CPU
		Release|ARM = Release|ARM
		Release|iPhone = Release|iPhone
		Release|iPhoneSimulator = Release|iPhoneSimulator
		Release|x64 = Release|x64
		Release|x86 = Release|x86
	EndGlobalSection
	GlobalSection(ProjectConfigurationPlatforms) = postSolution
		{E3AFF5A6-53DC-42D3-9B27-B762C6375B06}.Debug|Any CPU.ActiveCfg = Debug|x86
		{E3AFF5A6-53DC-42D3-9B27-B762C6375B06}.Debug|Any CPU.Build.0 = Debug|x86
		{E3AFF5A6-53DC-42D3-9B27-B762C6375B06}.Debug|Any CPU.Deploy.0 = Debug|x86
		{E3AFF5A6-53DC-42D3-9B27-B762C6375B06}.Debug|ARM.ActiveCfg = Debug|ARM
		{E3AFF5A6-53DC-42D3-9B27-B762C6375B06}.Debug|ARM.Build.0 = Debug|ARM
		{E3AFF5A6-53DC-42D3-9B27-B762C6375B06}.Debug|ARM.Deploy.0 = Debug|ARM
		{E3AFF5A6-53DC-42D3-9B27-B762C6375B06}.Debug|iPhone.ActiveCfg = Debug|x86
		{E3AFF5A6-53DC-42D3-9B27-B762C6375B06}.Debug|iPhone.Build.0 = Debug|x86
		{E3AFF5A6-53DC-42D3-9B27-B762C6375B06}.Debug|iPhone.Deploy.0 = Debug|x86
		{E3AFF5A6-53DC-42D3-9B27-B762C6375B06}.Debug|iPhoneSimulator.ActiveCfg = Debug|x86
		{E3AFF5A6-53DC-42D3-9B27-B762C6375B06}.Debug|iPhoneSimulator.Build.0 = Debug|x86
		{E3AFF5A6-53DC-42D3-9B27-B762C6375B06}.Debug|iPhoneSimulator.Deploy.0 = Debug|x86
		{E3AFF5A6-53DC-42D3-9B27-B762C6375B06}.Debug|x64.ActiveCfg = Debug|x64
		{E3AFF5A6-53DC-42D3-9B27-B762C6375B06}.Debug|x64.Build.0 = Debug|x64
		{E3AFF5A6-53DC-42D3-9B27-B762C6375B06}.Debug|x64.Deploy.0 = Debug|x64
		{E3AFF5A6-53DC-42D3-9B27-B762C6375B06}.Debug|x86.ActiveCfg = Debug|x86
		{E3AFF5A6-53DC-42D3-9B27-B762C6375B06}.Debug|x86.Build.0 = Debug|x86
		{E3AFF5A6-53DC-42D3-9B27-B762C6375B06}.Debug|x86.Deploy.0 = Debug|x86
		{E3AFF5A6-53DC-42D3-9B27-B762C6375B06}.Release|Any CPU.ActiveCfg = Release|x86
		{E3AFF5A6-53DC-42D3-9B27-B762C6375B06}.Release|Any CPU.Build.0 = Release|x86
		{E3AFF5A6-53DC-42D3-9B27-B762C6375B06}.Release|Any CPU.Deploy.0 = Release|x86
		{E3AFF5A6-53DC-42D3-9B27-B762C6375B06}.Release|ARM.ActiveCfg = Release|ARM
		{E3AFF5A6-53DC-42D3-9B27-B762C6375B06}.Release|ARM.Build.0 = Release|ARM
		{E3AFF5A6-53DC-42D3-9B27-B762C6375B06}.Release|ARM.Deploy.0 = Release|ARM
		{E3AFF5A6-53DC-42D3-9B27-B762C6375B06}.Release|iPhone.ActiveCfg = Release|x86
		{E3AFF5A6-53DC-42D3-9B27-B762C6375B06}.Release|iPhone.Build.0 = Release|x86
		{E3AFF5A6-53DC-42D3-9B27-B762C6375B06}.Release|iPhone.Deploy.0 = Release|x86
		{E3AFF5A6-53DC-42D3-9B27-B762C6375B06}.Release|iPhoneSimulator.ActiveCfg = Release|x86
		{E3AFF5A6-53DC-42D3-9B27-B762C6375B06}.Release|iPhoneSimulator.Build.0 = Release|x86
		{E3AFF5A6-53DC-42D3-9B27-B762C6375B06}.Release|iPhoneSimulator.Deploy.0 = Release|x86
		{E3AFF5A6-53DC-42D3-9B27-B762C6375B06}.Release|x64.ActiveCfg = Release|x64
		{E3AFF5A6-53DC-42D3-9B27-B762C6375B06}.Release|x64.Build.0 = Release|x64
		{E3AFF5A6-53DC-42D3-9B27-B762C6375B06}.Release|x64.Deploy.0 = Release|x64
		{E3AFF5A6-53DC-42D3-9B27-B762C6375B06}.Release|x86.ActiveCfg = Release|x86
		{E3AFF5A6-53DC-42D3-9B27-B762C6375B06}.Release|x86.Build.0 = Release|x86
		{E3AFF5A6-53DC-42D3-9B27-B762C6375B06}.Release|x86.Deploy.0 = Release|x86
		{46FA3779-D1B4-4CB8-8EAE-EB31F178A37B}.Debug|Any CPU.ActiveCfg = Debug|Any CPU
		{46FA3779-D1B4-4CB8-8EAE-EB31F178A37B}.Debug|Any CPU.Build.0 = Debug|Any CPU
		{46FA3779-D1B4-4CB8-8EAE-EB31F178A37B}.Debug|Any CPU.Deploy.0 = Debug|Any CPU
		{46FA3779-D1B4-4CB8-8EAE-EB31F178A37B}.Debug|ARM.ActiveCfg = Debug|Any CPU
		{46FA3779-D1B4-4CB8-8EAE-EB31F178A37B}.Debug|ARM.Build.0 = Debug|Any CPU
		{46FA3779-D1B4-4CB8-8EAE-EB31F178A37B}.Debug|ARM.Deploy.0 = Debug|Any CPU
		{46FA3779-D1B4-4CB8-8EAE-EB31F178A37B}.Debug|iPhone.ActiveCfg = Debug|Any CPU
		{46FA3779-D1B4-4CB8-8EAE-EB31F178A37B}.Debug|iPhone.Build.0 = Debug|Any CPU
		{46FA3779-D1B4-4CB8-8EAE-EB31F178A37B}.Debug|iPhone.Deploy.0 = Debug|Any CPU
		{46FA3779-D1B4-4CB8-8EAE-EB31F178A37B}.Debug|iPhoneSimulator.ActiveCfg = Debug|Any CPU
		{46FA3779-D1B4-4CB8-8EAE-EB31F178A37B}.Debug|iPhoneSimulator.Build.0 = Debug|Any CPU
		{46FA3779-D1B4-4CB8-8EAE-EB31F178A37B}.Debug|iPhoneSimulator.Deploy.0 = Debug|Any CPU
		{46FA3779-D1B4-4CB8-8EAE-EB31F178A37B}.Debug|x64.ActiveCfg = Debug|Any CPU
		{46FA3779-D1B4-4CB8-8EAE-EB31F178A37B}.Debug|x64.Build.0 = Debug|Any CPU
		{46FA3779-D1B4-4CB8-8EAE-EB31F178A37B}.Debug|x64.Deploy.0 = Debug|Any CPU
		{46FA3779-D1B4-4CB8-8EAE-EB31F178A37B}.Debug|x86.ActiveCfg = Debug|Any CPU
		{46FA3779-D1B4-4CB8-8EAE-EB31F178A37B}.Debug|x86.Build.0 = Debug|Any CPU
		{46FA3779-D1B4-4CB8-8EAE-EB31F178A37B}.Debug|x86.Deploy.0 = Debug|Any CPU
		{46FA3779-D1B4-4CB8-8EAE-EB31F178A37B}.Release|Any CPU.ActiveCfg = Release|Any CPU
		{46FA3779-D1B4-4CB8-8EAE-EB31F178A37B}.Release|Any CPU.Build.0 = Release|Any CPU
		{46FA3779-D1B4-4CB8-8EAE-EB31F178A37B}.Release|Any CPU.Deploy.0 = Release|Any CPU
		{46FA3779-D1B4-4CB8-8EAE-EB31F178A37B}.Release|ARM.ActiveCfg = Release|Any CPU
		{46FA3779-D1B4-4CB8-8EAE-EB31F178A37B}.Release|ARM.Build.0 = Release|Any CPU
		{46FA3779-D1B4-4CB8-8EAE-EB31F178A37B}.Release|ARM.Deploy.0 = Release|Any CPU
		{46FA3779-D1B4-4CB8-8EAE-EB31F178A37B}.Release|iPhone.ActiveCfg = Release|Any CPU
		{46FA3779-D1B4-4CB8-8EAE-EB31F178A37B}.Release|iPhone.Build.0 = Release|Any CPU
		{46FA3779-D1B4-4CB8-8EAE-EB31F178A37B}.Release|iPhone.Deploy.0 = Release|Any CPU
		{46FA3779-D1B4-4CB8-8EAE-EB31F178A37B}.Release|iPhoneSimulator.ActiveCfg = Release|Any CPU
		{46FA3779-D1B4-4CB8-8EAE-EB31F178A37B}.Release|iPhoneSimulator.Build.0 = Release|Any CPU
		{46FA3779-D1B4-4CB8-8EAE-EB31F178A37B}.Release|iPhoneSimulator.Deploy.0 = Release|Any CPU
		{46FA3779-D1B4-4CB8-8EAE-EB31F178A37B}.Release|x64.ActiveCfg = Release|Any CPU
		{46FA3779-D1B4-4CB8-8EAE-EB31F178A37B}.Release|x64.Build.0 = Release|Any CPU
		{46FA3779-D1B4-4CB8-8EAE-EB31F178A37B}.Release|x64.Deploy.0 = Release|Any CPU
		{46FA3779-D1B4-4CB8-8EAE-EB31F178A37B}.Release|x86.ActiveCfg = Release|Any CPU
		{46FA3779-D1B4-4CB8-8EAE-EB31F178A37B}.Release|x86.Build.0 = Release|Any CPU
		{46FA3779-D1B4-4CB8-8EAE-EB31F178A37B}.Release|x86.Deploy.0 = Release|Any CPU
		{C1EA59AF-D3B8-43C7-880C-53FDBB559B32}.Debug|Any CPU.ActiveCfg = Debug|iPhoneSimulator
		{C1EA59AF-D3B8-43C7-880C-53FDBB559B32}.Debug|Any CPU.Build.0 = Debug|iPhoneSimulator
		{C1EA59AF-D3B8-43C7-880C-53FDBB559B32}.Debug|Any CPU.Deploy.0 = Debug|iPhoneSimulator
		{C1EA59AF-D3B8-43C7-880C-53FDBB559B32}.Debug|ARM.ActiveCfg = Debug|iPhone
		{C1EA59AF-D3B8-43C7-880C-53FDBB559B32}.Debug|ARM.Build.0 = Debug|iPhone
		{C1EA59AF-D3B8-43C7-880C-53FDBB559B32}.Debug|ARM.Deploy.0 = Debug|iPhone
		{C1EA59AF-D3B8-43C7-880C-53FDBB559B32}.Debug|iPhone.ActiveCfg = Debug|iPhone
		{C1EA59AF-D3B8-43C7-880C-53FDBB559B32}.Debug|iPhone.Build.0 = Debug|iPhone
		{C1EA59AF-D3B8-43C7-880C-53FDBB559B32}.Debug|iPhone.Deploy.0 = Debug|iPhone
		{C1EA59AF-D3B8-43C7-880C-53FDBB559B32}.Debug|iPhoneSimulator.ActiveCfg = Debug|iPhoneSimulator
		{C1EA59AF-D3B8-43C7-880C-53FDBB559B32}.Debug|iPhoneSimulator.Build.0 = Debug|iPhoneSimulator
		{C1EA59AF-D3B8-43C7-880C-53FDBB559B32}.Debug|iPhoneSimulator.Deploy.0 = Debug|iPhoneSimulator
		{C1EA59AF-D3B8-43C7-880C-53FDBB559B32}.Debug|x64.ActiveCfg = Debug|iPhoneSimulator
		{C1EA59AF-D3B8-43C7-880C-53FDBB559B32}.Debug|x64.Build.0 = Debug|iPhoneSimulator
		{C1EA59AF-D3B8-43C7-880C-53FDBB559B32}.Debug|x64.Deploy.0 = Debug|iPhoneSimulator
		{C1EA59AF-D3B8-43C7-880C-53FDBB559B32}.Debug|x86.ActiveCfg = Debug|iPhoneSimulator
		{C1EA59AF-D3B8-43C7-880C-53FDBB559B32}.Debug|x86.Build.0 = Debug|iPhoneSimulator
		{C1EA59AF-D3B8-43C7-880C-53FDBB559B32}.Debug|x86.Deploy.0 = Debug|iPhoneSimulator
		{C1EA59AF-D3B8-43C7-880C-53FDBB559B32}.Release|Any CPU.ActiveCfg = Release|iPhoneSimulator
		{C1EA59AF-D3B8-43C7-880C-53FDBB559B32}.Release|Any CPU.Build.0 = Release|iPhoneSimulator
		{C1EA59AF-D3B8-43C7-880C-53FDBB559B32}.Release|Any CPU.Deploy.0 = Release|iPhoneSimulator
		{C1EA59AF-D3B8-43C7-880C-53FDBB559B32}.Release|ARM.ActiveCfg = Release|iPhoneSimulator
		{C1EA59AF-D3B8-43C7-880C-53FDBB559B32}.Release|ARM.Build.0 = Release|iPhoneSimulator
		{C1EA59AF-D3B8-43C7-880C-53FDBB559B32}.Release|ARM.Deploy.0 = Release|iPhoneSimulator
		{C1EA59AF-D3B8-43C7-880C-53FDBB559B32}.Release|iPhone.ActiveCfg = Release|iPhone
		{C1EA59AF-D3B8-43C7-880C-53FDBB559B32}.Release|iPhone.Build.0 = Release|iPhone
		{C1EA59AF-D3B8-43C7-880C-53FDBB559B32}.Release|iPhone.Deploy.0 = Release|iPhone
		{C1EA59AF-D3B8-43C7-880C-53FDBB559B32}.Release|iPhoneSimulator.ActiveCfg = Release|iPhoneSimulator
		{C1EA59AF-D3B8-43C7-880C-53FDBB559B32}.Release|iPhoneSimulator.Build.0 = Release|iPhoneSimulator
		{C1EA59AF-D3B8-43C7-880C-53FDBB559B32}.Release|iPhoneSimulator.Deploy.0 = Release|iPhoneSimulator
		{C1EA59AF-D3B8-43C7-880C-53FDBB559B32}.Release|x64.ActiveCfg = Release|iPhoneSimulator
		{C1EA59AF-D3B8-43C7-880C-53FDBB559B32}.Release|x64.Build.0 = Release|iPhoneSimulator
		{C1EA59AF-D3B8-43C7-880C-53FDBB559B32}.Release|x64.Deploy.0 = Release|iPhoneSimulator
		{C1EA59AF-D3B8-43C7-880C-53FDBB559B32}.Release|x86.ActiveCfg = Release|iPhoneSimulator
		{C1EA59AF-D3B8-43C7-880C-53FDBB559B32}.Release|x86.Build.0 = Release|iPhoneSimulator
		{C1EA59AF-D3B8-43C7-880C-53FDBB559B32}.Release|x86.Deploy.0 = Release|iPhoneSimulator
		{50217B33-9AAD-49F0-BFC7-0C405990C321}.Debug|Any CPU.ActiveCfg = Debug|Any CPU
		{50217B33-9AAD-49F0-BFC7-0C405990C321}.Debug|Any CPU.Build.0 = Debug|Any CPU
		{50217B33-9AAD-49F0-BFC7-0C405990C321}.Debug|Any CPU.Deploy.0 = Debug|Any CPU
		{50217B33-9AAD-49F0-BFC7-0C405990C321}.Debug|ARM.ActiveCfg = Debug|Any CPU
		{50217B33-9AAD-49F0-BFC7-0C405990C321}.Debug|ARM.Build.0 = Debug|Any CPU
		{50217B33-9AAD-49F0-BFC7-0C405990C321}.Debug|ARM.Deploy.0 = Debug|Any CPU
		{50217B33-9AAD-49F0-BFC7-0C405990C321}.Debug|iPhone.ActiveCfg = Debug|Any CPU
		{50217B33-9AAD-49F0-BFC7-0C405990C321}.Debug|iPhone.Build.0 = Debug|Any CPU
		{50217B33-9AAD-49F0-BFC7-0C405990C321}.Debug|iPhone.Deploy.0 = Debug|Any CPU
		{50217B33-9AAD-49F0-BFC7-0C405990C321}.Debug|iPhoneSimulator.ActiveCfg = Debug|Any CPU
		{50217B33-9AAD-49F0-BFC7-0C405990C321}.Debug|iPhoneSimulator.Build.0 = Debug|Any CPU
		{50217B33-9AAD-49F0-BFC7-0C405990C321}.Debug|iPhoneSimulator.Deploy.0 = Debug|Any CPU
		{50217B33-9AAD-49F0-BFC7-0C405990C321}.Debug|x64.ActiveCfg = Debug|Any CPU
		{50217B33-9AAD-49F0-BFC7-0C405990C321}.Debug|x64.Build.0 = Debug|Any CPU
		{50217B33-9AAD-49F0-BFC7-0C405990C321}.Debug|x64.Deploy.0 = Debug|Any CPU
		{50217B33-9AAD-49F0-BFC7-0C405990C321}.Debug|x86.ActiveCfg = Debug|Any CPU
		{50217B33-9AAD-49F0-BFC7-0C405990C321}.Debug|x86.Build.0 = Debug|Any CPU
		{50217B33-9AAD-49F0-BFC7-0C405990C321}.Debug|x86.Deploy.0 = Debug|Any CPU
		{50217B33-9AAD-49F0-BFC7-0C405990C321}.Release|Any CPU.ActiveCfg = Release|Any CPU
		{50217B33-9AAD-49F0-BFC7-0C405990C321}.Release|Any CPU.Build.0 = Release|Any CPU
		{50217B33-9AAD-49F0-BFC7-0C405990C321}.Release|Any CPU.Deploy.0 = Release|Any CPU
		{50217B33-9AAD-49F0-BFC7-0C405990C321}.Release|ARM.ActiveCfg = Release|Any CPU
		{50217B33-9AAD-49F0-BFC7-0C405990C321}.Release|ARM.Build.0 = Release|Any CPU
		{50217B33-9AAD-49F0-BFC7-0C405990C321}.Release|ARM.Deploy.0 = Release|Any CPU
		{50217B33-9AAD-49F0-BFC7-0C405990C321}.Release|iPhone.ActiveCfg = Release|Any CPU
		{50217B33-9AAD-49F0-BFC7-0C405990C321}.Release|iPhone.Build.0 = Release|Any CPU
		{50217B33-9AAD-49F0-BFC7-0C405990C321}.Release|iPhone.Deploy.0 = Release|Any CPU
		{50217B33-9AAD-49F0-BFC7-0C405990C321}.Release|iPhoneSimulator.ActiveCfg = Release|Any CPU
		{50217B33-9AAD-49F0-BFC7-0C405990C321}.Release|iPhoneSimulator.Build.0 = Release|Any CPU
		{50217B33-9AAD-49F0-BFC7-0C405990C321}.Release|iPhoneSimulator.Deploy.0 = Release|Any CPU
		{50217B33-9AAD-49F0-BFC7-0C405990C321}.Release|x64.ActiveCfg = Release|Any CPU
		{50217B33-9AAD-49F0-BFC7-0C405990C321}.Release|x64.Build.0 = Release|Any CPU
		{50217B33-9AAD-49F0-BFC7-0C405990C321}.Release|x64.Deploy.0 = Release|Any CPU
		{50217B33-9AAD-49F0-BFC7-0C405990C321}.Release|x86.ActiveCfg = Release|Any CPU
		{50217B33-9AAD-49F0-BFC7-0C405990C321}.Release|x86.Build.0 = Release|Any CPU
		{50217B33-9AAD-49F0-BFC7-0C405990C321}.Release|x86.Deploy.0 = Release|Any CPU
	EndGlobalSection
	GlobalSection(SolutionProperties) = preSolution
		HideSolutionNode = FALSE
	EndGlobalSection
	GlobalSection(ExtensibilityGlobals) = postSolution
		SolutionGuid = {745F2E64-AE4B-4B31-8267-5ABF30C7A96D}
	EndGlobalSection
EndGlobal
